
Microsoft Visual Studio Solution File, Format Version 12.00
# Visual Studio Version 17
VisualStudioVersion = 17.8.34408.163
MinimumVisualStudioVersion = 10.0.40219.1
Project("{8BC9CEB8-8B4A-11D0-8D11-00A0C91BC942}") = "Credit2", "Credit2\Credit2.vcxproj", "{7746F595-4809-4867-93B5-5B8E9862C7B4}"
EndProject
Global
	GlobalSection(SolutionConfigurationPlatforms) = preSolution
		Debug|x64 = Debug|x64
		Debug|x86 = Debug|x86
		Release|x64 = Release|x64
		Release|x86 = Release|x86
	EndGlobalSection
	GlobalSection(ProjectConfigurationPlatforms) = postSolution
		{7746F595-4809-4867-93B5-5B8E9862C7B4}.Debug|x64.ActiveCfg = Debug|x64
		{7746F595-4809-4867-93B5-5B8E9862C7B4}.Debug|x64.Build.0 = Debug|x64
		{7746F595-4809-4867-93B5-5B8E9862C7B4}.Debug|x86.ActiveCfg = Debug|Win32
		{7746F595-4809-4867-93B5-5B8E9862C7B4}.Debug|x86.Build.0 = Debug|Win32
		{7746F595-4809-4867-93B5-5B8E9862C7B4}.Release|x64.ActiveCfg = Release|x64
		{7746F595-4809-4867-93B5-5B8E9862C7B4}.Release|x64.Build.0 = Release|x64
		{7746F595-4809-4867-93B5-5B8E9862C7B4}.Release|x86.ActiveCfg = Release|Win32
		{7746F595-4809-4867-93B5-5B8E9862C7B4}.Release|x86.Build.0 = Release|Win32
	EndGlobalSection
	GlobalSection(SolutionProperties) = preSolution
		HideSolutionNode = FALSE
	EndGlobalSection
	GlobalSection(ExtensibilityGlobals) = postSolution
		SolutionGuid = {150F477A-5636-4AB1-BE3C-53FD79EAC6F9}
	EndGlobalSection
EndGlobal
